
Microsoft Visual Studio Solution File, Format Version 12.00
# Visual Studio Version 17
VisualStudioVersion = 17.4.33213.308
MinimumVisualStudioVersion = 10.0.40219.1
Project("{FAE04EC0-301F-11D3-BF4B-00C04F79EFBC}") = "AsociacionCivil", "AsociacionCivil.csproj", "{517AD655-D215-471B-9414-DDCA8B67DD13}"
EndProject
Global
	GlobalSection(SolutionConfigurationPlatforms) = preSolution
		Debug|Any CPU = Debug|Any CPU
		Release|Any CPU = Release|Any CPU
	EndGlobalSection
	GlobalSection(ProjectConfigurationPlatforms) = postSolution
		{517AD655-D215-471B-9414-DDCA8B67DD13}.Debug|Any CPU.ActiveCfg = Debug|Any CPU
		{517AD655-D215-471B-9414-DDCA8B67DD13}.Debug|Any CPU.Build.0 = Debug|Any CPU
		{517AD655-D215-471B-9414-DDCA8B67DD13}.Release|Any CPU.ActiveCfg = Release|Any CPU
		{517AD655-D215-471B-9414-DDCA8B67DD13}.Release|Any CPU.Build.0 = Release|Any CPU
	EndGlobalSection
	GlobalSection(SolutionProperties) = preSolution
		HideSolutionNode = FALSE
	EndGlobalSection
	GlobalSection(ExtensibilityGlobals) = postSolution
		SolutionGuid = {3CBDF383-5FBA-441C-A9EB-DF805B4CC80F}
	EndGlobalSection
EndGlobal
